
Microsoft Visual Studio Solution File, Format Version 12.00
# Visual Studio Version 17
VisualStudioVersion = 17.9.34622.214
MinimumVisualStudioVersion = 10.0.40219.1
Project("{9A19103F-16F7-4668-BE54-9A1E7A4F7556}") = "Part1", "Part1\Part1.csproj", "{8C5EE8B8-4633-4685-955E-0ED745C4B780}"
EndProject
Project("{FAE04EC0-301F-11D3-BF4B-00C04F79EFBC}") = "Part2", "Part2\Part2.csproj", "{326C2950-3D83-441F-AEEA-EF69DCF63CFE}"
EndProject
Project("{FAE04EC0-301F-11D3-BF4B-00C04F79EFBC}") = "Part2.2", "Part2.2\Part2.2.csproj", "{9F653410-36D1-4B74-9845-4CC633280D76}"
EndProject
Project("{FAE04EC0-301F-11D3-BF4B-00C04F79EFBC}") = "Part2.3", "Part2.3\Part2.3.csproj", "{AF89248E-DBC5-413F-BB66-C6608449B00E}"
EndProject
Project("{FAE04EC0-301F-11D3-BF4B-00C04F79EFBC}") = "Part2.4", "Part2.4\Part2.4.csproj", "{2DA652BB-F378-4B31-A396-0B61816024E3}"
EndProject
Project("{FAE04EC0-301F-11D3-BF4B-00C04F79EFBC}") = "Part2.5", "Part2.5\Part2.5.csproj", "{9C9779DF-592B-49F0-B094-AD6EFC6D0A03}"
EndProject
Project("{FAE04EC0-301F-11D3-BF4B-00C04F79EFBC}") = "Part3.1", "Part3.1\Part3.1.csproj", "{1EAAE190-CABE-4C60-B284-B12C5BDDBE8F}"
EndProject
Project("{FAE04EC0-301F-11D3-BF4B-00C04F79EFBC}") = "Part3.2", "Part3.2\Part3.2.csproj", "{64CF76B9-5CBC-4A33-96B2-A3335D02CCD1}"
EndProject
Project("{FAE04EC0-301F-11D3-BF4B-00C04F79EFBC}") = "Part3.3", "Part3.3\Part3.3.csproj", "{4BDB9DF0-DA3D-4CA9-8599-1BC6D2CEA112}"
EndProject
Project("{FAE04EC0-301F-11D3-BF4B-00C04F79EFBC}") = "Part4", "Part4\Part4.csproj", "{E85CF8D3-A6AF-436C-A5D4-218B9C1025BA}"
EndProject
Global
	GlobalSection(SolutionConfigurationPlatforms) = preSolution
		Debug|Any CPU = Debug|Any CPU
		Release|Any CPU = Release|Any CPU
	EndGlobalSection
	GlobalSection(ProjectConfigurationPlatforms) = postSolution
		{8C5EE8B8-4633-4685-955E-0ED745C4B780}.Debug|Any CPU.ActiveCfg = Debug|Any CPU
		{8C5EE8B8-4633-4685-955E-0ED745C4B780}.Debug|Any CPU.Build.0 = Debug|Any CPU
		{8C5EE8B8-4633-4685-955E-0ED745C4B780}.Release|Any CPU.ActiveCfg = Release|Any CPU
		{8C5EE8B8-4633-4685-955E-0ED745C4B780}.Release|Any CPU.Build.0 = Release|Any CPU
		{326C2950-3D83-441F-AEEA-EF69DCF63CFE}.Debug|Any CPU.ActiveCfg = Debug|Any CPU
		{326C2950-3D83-441F-AEEA-EF69DCF63CFE}.Debug|Any CPU.Build.0 = Debug|Any CPU
		{326C2950-3D83-441F-AEEA-EF69DCF63CFE}.Release|Any CPU.ActiveCfg = Release|Any CPU
		{326C2950-3D83-441F-AEEA-EF69DCF63CFE}.Release|Any CPU.Build.0 = Release|Any CPU
		{9F653410-36D1-4B74-9845-4CC633280D76}.Debug|Any CPU.ActiveCfg = Debug|Any CPU
		{9F653410-36D1-4B74-9845-4CC633280D76}.Debug|Any CPU.Build.0 = Debug|Any CPU
		{9F653410-36D1-4B74-9845-4CC633280D76}.Release|Any CPU.ActiveCfg = Release|Any CPU
		{9F653410-36D1-4B74-9845-4CC633280D76}.Release|Any CPU.Build.0 = Release|Any CPU
		{AF89248E-DBC5-413F-BB66-C6608449B00E}.Debug|Any CPU.ActiveCfg = Debug|Any CPU
		{AF89248E-DBC5-413F-BB66-C6608449B00E}.Debug|Any CPU.Build.0 = Debug|Any CPU
		{AF89248E-DBC5-413F-BB66-C6608449B00E}.Release|Any CPU.ActiveCfg = Release|Any CPU
		{AF89248E-DBC5-413F-BB66-C6608449B00E}.Release|Any CPU.Build.0 = Release|Any CPU
		{2DA652BB-F378-4B31-A396-0B61816024E3}.Debug|Any CPU.ActiveCfg = Debug|Any CPU
		{2DA652BB-F378-4B31-A396-0B61816024E3}.Debug|Any CPU.Build.0 = Debug|Any CPU
		{2DA652BB-F378-4B31-A396-0B61816024E3}.Release|Any CPU.ActiveCfg = Release|Any CPU
		{2DA652BB-F378-4B31-A396-0B61816024E3}.Release|Any CPU.Build.0 = Release|Any CPU
		{9C9779DF-592B-49F0-B094-AD6EFC6D0A03}.Debug|Any CPU.ActiveCfg = Debug|Any CPU
		{9C9779DF-592B-49F0-B094-AD6EFC6D0A03}.Debug|Any CPU.Build.0 = Debug|Any CPU
		{9C9779DF-592B-49F0-B094-AD6EFC6D0A03}.Release|Any CPU.ActiveCfg = Release|Any CPU
		{9C9779DF-592B-49F0-B094-AD6EFC6D0A03}.Release|Any CPU.Build.0 = Release|Any CPU
		{1EAAE190-CABE-4C60-B284-B12C5BDDBE8F}.Debug|Any CPU.ActiveCfg = Debug|Any CPU
		{1EAAE190-CABE-4C60-B284-B12C5BDDBE8F}.Debug|Any CPU.Build.0 = Debug|Any CPU
		{1EAAE190-CABE-4C60-B284-B12C5BDDBE8F}.Release|Any CPU.ActiveCfg = Release|Any CPU
		{1EAAE190-CABE-4C60-B284-B12C5BDDBE8F}.Release|Any CPU.Build.0 = Release|Any CPU
		{64CF76B9-5CBC-4A33-96B2-A3335D02CCD1}.Debug|Any CPU.ActiveCfg = Debug|Any CPU
		{64CF76B9-5CBC-4A33-96B2-A3335D02CCD1}.Debug|Any CPU.Build.0 = Debug|Any CPU
		{64CF76B9-5CBC-4A33-96B2-A3335D02CCD1}.Release|Any CPU.ActiveCfg = Release|Any CPU
		{64CF76B9-5CBC-4A33-96B2-A3335D02CCD1}.Release|Any CPU.Build.0 = Release|Any CPU
		{4BDB9DF0-DA3D-4CA9-8599-1BC6D2CEA112}.Debug|Any CPU.ActiveCfg = Debug|Any CPU
		{4BDB9DF0-DA3D-4CA9-8599-1BC6D2CEA112}.Debug|Any CPU.Build.0 = Debug|Any CPU
		{4BDB9DF0-DA3D-4CA9-8599-1BC6D2CEA112}.Release|Any CPU.ActiveCfg = Release|Any CPU
		{4BDB9DF0-DA3D-4CA9-8599-1BC6D2CEA112}.Release|Any CPU.Build.0 = Release|Any CPU
		{E85CF8D3-A6AF-436C-A5D4-218B9C1025BA}.Debug|Any CPU.ActiveCfg = Debug|Any CPU
		{E85CF8D3-A6AF-436C-A5D4-218B9C1025BA}.Debug|Any CPU.Build.0 = Debug|Any CPU
		{E85CF8D3-A6AF-436C-A5D4-218B9C1025BA}.Release|Any CPU.ActiveCfg = Release|Any CPU
		{E85CF8D3-A6AF-436C-A5D4-218B9C1025BA}.Release|Any CPU.Build.0 = Release|Any CPU
	EndGlobalSection
	GlobalSection(SolutionProperties) = preSolution
		HideSolutionNode = FALSE
	EndGlobalSection
	GlobalSection(ExtensibilityGlobals) = postSolution
		SolutionGuid = {8C061B13-5C19-4878-89A9-025AE40F4E54}
	EndGlobalSection
EndGlobal
